Microsoft Visual Studio Solution File, Format Version 11.00
# Visual Studio 2008

Project("{F4D67D0D-5D1E-FDCB-BFE5-73CDF32D9E52}") = "colorful-zombie", "Assembly-CSharp-vs.csproj", "{A5530545-7D16-D400-19C1-CAF0C2C588B4}"
EndProject
Project("{F4D67D0D-5D1E-FDCB-BFE5-73CDF32D9E52}") = "colorful-zombie", "Assembly-CSharp-Editor-vs.csproj", "{32A063EA-43BD-9AA0-7A9F-612D7C5213FE}"
EndProject
Global
	GlobalSection(SolutionConfigurationPlatforms) = preSolution
		Debug|Any CPU = Debug|Any CPU
		Release|Any CPU = Release|Any CPU
	EndGlobalSection
	GlobalSection(ProjectConfigurationPlatforms) = postSolution
		{A5530545-7D16-D400-19C1-CAF0C2C588B4}.Debug|Any CPU.ActiveCfg = Debug|Any CPU
		{A5530545-7D16-D400-19C1-CAF0C2C588B4}.Debug|Any CPU.Build.0 = Debug|Any CPU
		{A5530545-7D16-D400-19C1-CAF0C2C588B4}.Release|Any CPU.ActiveCfg = Release|Any CPU
		{A5530545-7D16-D400-19C1-CAF0C2C588B4}.Release|Any CPU.Build.0 = Release|Any CPU
		{32A063EA-43BD-9AA0-7A9F-612D7C5213FE}.Debug|Any CPU.ActiveCfg = Debug|Any CPU
		{32A063EA-43BD-9AA0-7A9F-612D7C5213FE}.Debug|Any CPU.Build.0 = Debug|Any CPU
		{32A063EA-43BD-9AA0-7A9F-612D7C5213FE}.Release|Any CPU.ActiveCfg = Release|Any CPU
		{32A063EA-43BD-9AA0-7A9F-612D7C5213FE}.Release|Any CPU.Build.0 = Release|Any CPU
	EndGlobalSection
	GlobalSection(SolutionProperties) = preSolution
		HideSolutionNode = FALSE
	EndGlobalSection
									GlobalSection(MonoDevelopProperties) = preSolution
		StartupItem = Assembly-CSharp.csproj
		Policies = $0
		$0.TextStylePolicy = $1
		$1.inheritsSet = null
		$1.scope = text/x-csharp
		$0.CSharpFormattingPolicy = $2
		$2.inheritsSet = Mono
		$2.inheritsScope = text/x-csharp
		$2.scope = text/x-csharp
		$0.TextStylePolicy = $3
		$3.FileWidth = 120
		$3.TabWidth = 4
		$3.EolMarker = Unix
		$3.inheritsSet = Mono
		$3.inheritsScope = text/plain
		$3.scope = text/plain
	EndGlobalSection

EndGlobal
